
Microsoft Visual Studio Solution File, Format Version 12.00
# Visual Studio Version 17
VisualStudioVersion = 17.2.32630.192
MinimumVisualStudioVersion = 10.0.40219.1
Project("{FAE04EC0-301F-11D3-BF4B-00C04F79EFBC}") = "OrderManagementAPI", "OrderManagementAPI\OrderManagementAPI.csproj", "{147B2F01-AAD7-4EC6-940C-C410AD40CA3D}"
EndProject
Global
	GlobalSection(SolutionConfigurationPlatforms) = preSolution
		Debug|Any CPU = Debug|Any CPU
		Release|Any CPU = Release|Any CPU
	EndGlobalSection
	GlobalSection(ProjectConfigurationPlatforms) = postSolution
		{147B2F01-AAD7-4EC6-940C-C410AD40CA3D}.Debug|Any CPU.ActiveCfg = Debug|Any CPU
		{147B2F01-AAD7-4EC6-940C-C410AD40CA3D}.Debug|Any CPU.Build.0 = Debug|Any CPU
		{147B2F01-AAD7-4EC6-940C-C410AD40CA3D}.Release|Any CPU.ActiveCfg = Release|Any CPU
		{147B2F01-AAD7-4EC6-940C-C410AD40CA3D}.Release|Any CPU.Build.0 = Release|Any CPU
	EndGlobalSection
	GlobalSection(SolutionProperties) = preSolution
		HideSolutionNode = FALSE
	EndGlobalSection
	GlobalSection(ExtensibilityGlobals) = postSolution
		SolutionGuid = {5EDF70A8-C119-48F3-8595-0D49E11C20E0}
	EndGlobalSection
EndGlobal
